
Microsoft Visual Studio Solution File, Format Version 12.00
# Visual Studio Version 17
VisualStudioVersion = 17.10.34916.146
MinimumVisualStudioVersion = 10.0.40219.1
Project("{9A19103F-16F7-4668-BE54-9A1E7A4F7556}") = "BankApp.Domain", "BankApp.Domaın\BankApp.Domain.csproj", "{A166A524-D28E-4903-82BD-3A1C52DCC326}"
EndProject
Project("{9A19103F-16F7-4668-BE54-9A1E7A4F7556}") = "BankApp.Console", "BankApp.Console\BankApp.Console.csproj", "{83F83AF4-A59F-4945-BB74-80C843A529FB}"
EndProject
Global
	GlobalSection(SolutionConfigurationPlatforms) = preSolution
		Debug|Any CPU = Debug|Any CPU
		Release|Any CPU = Release|Any CPU
	EndGlobalSection
	GlobalSection(ProjectConfigurationPlatforms) = postSolution
		{A166A524-D28E-4903-82BD-3A1C52DCC326}.Debug|Any CPU.ActiveCfg = Debug|Any CPU
		{A166A524-D28E-4903-82BD-3A1C52DCC326}.Debug|Any CPU.Build.0 = Debug|Any CPU
		{A166A524-D28E-4903-82BD-3A1C52DCC326}.Release|Any CPU.ActiveCfg = Release|Any CPU
		{A166A524-D28E-4903-82BD-3A1C52DCC326}.Release|Any CPU.Build.0 = Release|Any CPU
		{83F83AF4-A59F-4945-BB74-80C843A529FB}.Debug|Any CPU.ActiveCfg = Debug|Any CPU
		{83F83AF4-A59F-4945-BB74-80C843A529FB}.Debug|Any CPU.Build.0 = Debug|Any CPU
		{83F83AF4-A59F-4945-BB74-80C843A529FB}.Release|Any CPU.ActiveCfg = Release|Any CPU
		{83F83AF4-A59F-4945-BB74-80C843A529FB}.Release|Any CPU.Build.0 = Release|Any CPU
	EndGlobalSection
	GlobalSection(SolutionProperties) = preSolution
		HideSolutionNode = FALSE
	EndGlobalSection
	GlobalSection(ExtensibilityGlobals) = postSolution
		SolutionGuid = {D9AF37D8-83C3-49B1-88D0-B408FFD9C9C0}
	EndGlobalSection
EndGlobal
